{
  "nodes": {
    "flake-parts": {
      "inputs": {
        "nixpkgs-lib": "nixpkgs-lib"
      },
      "locked": {
        "lastModified": 1679737941,
        "narHash": "sha256-srSD9CwsVPnUMsIZ7Kt/UegkKUEBcTyU1Rev7mO45S0=",
        "owner": "hercules-ci",
        "repo": "flake-parts",
        "rev": "3502ee99d6dade045bdeaf7b0cd8ec703484c25c",
        "type": "github"
      },
      "original": {
        "owner": "hercules-ci",
        "repo": "flake-parts",
        "type": "github"
      }
    },
    "flake-utils": {
      "inputs": {
        "systems": "systems"
      },
      "locked": {
        "lastModified": 1685518550,
        "narHash": "sha256-o2d0KcvaXzTrPRIo0kOLV0/QXHhDQ5DTi+OxcjO8xqY=",
        "owner": "numtide",
        "repo": "flake-utils",
        "rev": "a1720a10a6cfe8234c0e93907ffe81be440f4cef",
        "type": "github"
      },
      "original": {
        "id": "flake-utils",
        "type": "indirect"
      }
    },
    "flake-utils_2": {
      "locked": {
        "lastModified": 1659877975,
        "narHash": "sha256-zllb8aq3YO3h8B/U0/J1WBgAL8EX5yWf5pMj3G0NAmc=",
        "owner": "numtide",
        "repo": "flake-utils",
        "rev": "c0e246b9b83f637f4681389ecabcb2681b4f3af0",
        "type": "github"
      },
      "original": {
        "id": "flake-utils",
        "type": "indirect"
      }
    },
    "flake-utils_3": {
      "locked": {
        "lastModified": 1644229661,
        "narHash": "sha256-1YdnJAsNy69bpcjuoKdOYQX0YxZBiCYZo4Twxerqv7k=",
        "owner": "numtide",
        "repo": "flake-utils",
        "rev": "3cecb5b042f7f209c56ffd8371b2711a290ec797",
        "type": "github"
      },
      "original": {
        "owner": "numtide",
        "repo": "flake-utils",
        "type": "github"
      }
    },
    "flake-utils_4": {
      "locked": {
        "lastModified": 1644229661,
        "narHash": "sha256-1YdnJAsNy69bpcjuoKdOYQX0YxZBiCYZo4Twxerqv7k=",
        "owner": "numtide",
        "repo": "flake-utils",
        "rev": "3cecb5b042f7f209c56ffd8371b2711a290ec797",
        "type": "github"
      },
      "original": {
        "owner": "numtide",
        "repo": "flake-utils",
        "type": "github"
      }
    },
    "flake-utils_5": {
      "locked": {
        "lastModified": 1644229661,
        "narHash": "sha256-1YdnJAsNy69bpcjuoKdOYQX0YxZBiCYZo4Twxerqv7k=",
        "owner": "numtide",
        "repo": "flake-utils",
        "rev": "3cecb5b042f7f209c56ffd8371b2711a290ec797",
        "type": "github"
      },
      "original": {
        "owner": "numtide",
        "repo": "flake-utils",
        "type": "github"
      }
    },
    "get-flake": {
      "locked": {
        "lastModified": 1673819588,
        "narHash": "sha256-gRtwKAlu4htvS6dxyZnW3n+vMS1acqnMGVHqxUdETeY=",
        "owner": "ursi",
        "repo": "get-flake",
        "rev": "e0917b6f564aa5acefb1484b5baf76da21746c3c",
        "type": "github"
      },
      "original": {
        "owner": "ursi",
        "repo": "get-flake",
        "type": "github"
      }
    },
    "get-flake_2": {
      "locked": {
        "lastModified": 1644686428,
        "narHash": "sha256-zkhYsURWFrvEZLkIoBeqFBzSu+cA2u5mo6M8vq9LN7M=",
        "owner": "ursi",
        "repo": "get-flake",
        "rev": "703f15558daa56dfae19d1858bb3046afe68831a",
        "type": "github"
      },
      "original": {
        "owner": "ursi",
        "repo": "get-flake",
        "type": "github"
      }
    },
    "get-flake_3": {
      "locked": {
        "lastModified": 1673819588,
        "narHash": "sha256-gRtwKAlu4htvS6dxyZnW3n+vMS1acqnMGVHqxUdETeY=",
        "owner": "ursi",
        "repo": "get-flake",
        "rev": "e0917b6f564aa5acefb1484b5baf76da21746c3c",
        "type": "github"
      },
      "original": {
        "owner": "ursi",
        "repo": "get-flake",
        "type": "github"
      }
    },
    "horizon-advance": {
      "inputs": {
        "flake-utils": "flake-utils_2",
        "get-flake": "get-flake_2",
        "horizon-core": "horizon-core",
        "lint-utils": "lint-utils_2",
        "nixpkgs": "nixpkgs_4"
      },
      "locked": {
        "lastModified": 1685278962,
        "narHash": "sha256-nd/wOa6pXrntrG7cxpv72HshUrkoyWqCITjjHUK+wqo=",
        "ref": "refs/heads/master",
        "rev": "be01bb490b2e5f03a6731478bb2aa5aeda5a50d3",
        "revCount": 33,
        "type": "git",
        "url": "https://gitlab.horizon-haskell.net/package-sets/horizon-advance"
      },
      "original": {
        "type": "git",
        "url": "https://gitlab.horizon-haskell.net/package-sets/horizon-advance"
      }
    },
    "horizon-core": {
      "inputs": {
        "flake-parts": "flake-parts",
        "get-flake": "get-flake_3",
        "horizon-gen-nix-flake-source": "horizon-gen-nix-flake-source",
        "horizon-shell-flake-source": "horizon-shell-flake-source",
        "lint-utils": "lint-utils",
        "nixpkgs": "nixpkgs_2"
      },
      "locked": {
        "lastModified": 1685121935,
        "narHash": "sha256-FMm70CHX1z8ChyterTCNXRwJ0FrUPpCRUoRN9/KT8Hg=",
        "ref": "refs/heads/master",
        "rev": "aa57d144cff0d9888d662b7d0f584b98e8c2847b",
        "revCount": 1076,
        "type": "git",
        "url": "https://gitlab.horizon-haskell.net/package-sets/horizon-core"
      },
      "original": {
        "type": "git",
        "url": "https://gitlab.horizon-haskell.net/package-sets/horizon-core"
      }
    },
    "horizon-gen-nix-flake-source": {
      "flake": false,
      "locked": {
        "lastModified": 1679489082,
        "narHash": "sha256-c8n6EjjSx+qK8k85n/xLHXmGMf2IZHaXOU1bFmuZAp4=",
        "ref": "refs/heads/master",
        "rev": "89cec6756dbdcac614713d5700e31f110d61d003",
        "revCount": 159,
        "type": "git",
        "url": "https://gitlab.horizon-haskell.net/haskell/horizon-gen-nix"
      },
      "original": {
        "type": "git",
        "url": "https://gitlab.horizon-haskell.net/haskell/horizon-gen-nix"
      }
    },
    "horizon-shell-flake-source": {
      "flake": false,
      "locked": {
        "lastModified": 1680363750,
        "narHash": "sha256-Zq48TEVKRqAEZGlseIPEjoor2Joph5avo0AeoRZhNj4=",
        "ref": "refs/heads/master",
        "rev": "c7ebda22e47ac1dbb7f273f8063069749fbb67e7",
        "revCount": 25,
        "type": "git",
        "url": "https://gitlab.horizon-haskell.net/shells/horizon-shell"
      },
      "original": {
        "type": "git",
        "url": "https://gitlab.horizon-haskell.net/shells/horizon-shell"
      }
    },
    "iohk-nix": {
      "flake": false,
      "locked": {
        "lastModified": 1681957618,
        "narHash": "sha256-6fo/QohImV8buYiIhnSniquMmBj4IgtgQrq0JDpsav4=",
        "owner": "input-output-hk",
        "repo": "iohk-nix",
        "rev": "26f56e32169dcc9ef72ac754eccdb3c96d714751",
        "type": "github"
      },
      "original": {
        "owner": "input-output-hk",
        "repo": "iohk-nix",
        "rev": "26f56e32169dcc9ef72ac754eccdb3c96d714751",
        "type": "github"
      }
    },
    "lint-utils": {
      "inputs": {
        "flake-utils": "flake-utils_3",
        "nixpkgs": "nixpkgs"
      },
      "locked": {
        "lastModified": 1681737193,
        "narHash": "sha256-c+0eLyF/VWZWGeB1DA88aDUZ3BjO6+jnsJpVW4wxs4w=",
        "ref": "refs/heads/master",
        "rev": "efaf89d12a6811f0e00034444904b8d169f0fa34",
        "revCount": 48,
        "type": "git",
        "url": "https://gitlab.nixica.dev/nix/lint-utils"
      },
      "original": {
        "type": "git",
        "url": "https://gitlab.nixica.dev/nix/lint-utils"
      }
    },
    "lint-utils_2": {
      "inputs": {
        "flake-utils": "flake-utils_4",
        "nixpkgs": "nixpkgs_3"
      },
      "locked": {
        "lastModified": 1681737193,
        "narHash": "sha256-c+0eLyF/VWZWGeB1DA88aDUZ3BjO6+jnsJpVW4wxs4w=",
        "ref": "refs/heads/master",
        "rev": "efaf89d12a6811f0e00034444904b8d169f0fa34",
        "revCount": 48,
        "type": "git",
        "url": "https://gitlab.nixica.dev/nix/lint-utils"
      },
      "original": {
        "type": "git",
        "url": "https://gitlab.nixica.dev/nix/lint-utils"
      }
    },
    "lint-utils_3": {
      "inputs": {
        "flake-utils": "flake-utils_5",
        "nixpkgs": "nixpkgs_5"
      },
      "locked": {
        "lastModified": 1681737193,
        "narHash": "sha256-c+0eLyF/VWZWGeB1DA88aDUZ3BjO6+jnsJpVW4wxs4w=",
        "ref": "refs/heads/master",
        "rev": "efaf89d12a6811f0e00034444904b8d169f0fa34",
        "revCount": 48,
        "type": "git",
        "url": "https://gitlab.nixica.dev/nix/lint-utils"
      },
      "original": {
        "type": "git",
        "url": "https://gitlab.nixica.dev/nix/lint-utils"
      }
    },
    "nixpkgs": {
      "locked": {
        "lastModified": 1644525281,
        "narHash": "sha256-D3VuWLdnLmAXIkooWAtbTGSQI9Fc1lkvAr94wTxhnTU=",
        "owner": "NixOS",
        "repo": "nixpkgs",
        "rev": "48d63e924a2666baf37f4f14a18f19347fbd54a2",
        "type": "github"
      },
      "original": {
        "owner": "NixOS",
        "ref": "nixos-unstable",
        "repo": "nixpkgs",
        "type": "github"
      }
    },
    "nixpkgs-lib": {
      "locked": {
        "dir": "lib",
        "lastModified": 1678375444,
        "narHash": "sha256-XIgHfGvjFvZQ8hrkfocanCDxMefc/77rXeHvYdzBMc8=",
        "owner": "NixOS",
        "repo": "nixpkgs",
        "rev": "130fa0baaa2b93ec45523fdcde942f6844ee9f6e",
        "type": "github"
      },
      "original": {
        "dir": "lib",
        "owner": "NixOS",
        "ref": "nixos-unstable",
        "repo": "nixpkgs",
        "type": "github"
      }
    },
    "nixpkgs-libR": {
      "locked": {
        "lastModified": 1650935992,
        "narHash": "sha256-+3aqnX2lSi2XVTEXFu6mrnGL/czDxiwRmXP5xPp9i3U=",
        "owner": "nixos",
        "repo": "nixpkgs",
        "rev": "602748c14b82a2e17078713686fe1df2824fa502",
        "type": "github"
      },
      "original": {
        "owner": "nixos",
        "repo": "nixpkgs",
        "rev": "602748c14b82a2e17078713686fe1df2824fa502",
        "type": "github"
      }
    },
    "nixpkgs_2": {
      "locked": {
        "lastModified": 1680356671,
        "narHash": "sha256-BTxYCxmjHqj1NLopU2JtCSa8DTrpIhF3HiNdvg2aTVE=",
        "owner": "nixos",
        "repo": "nixpkgs",
        "rev": "b2aabfd21642be5b8b28c19bc4d517b40644b34c",
        "type": "github"
      },
      "original": {
        "owner": "nixos",
        "ref": "haskell-updates",
        "repo": "nixpkgs",
        "type": "github"
      }
    },
    "nixpkgs_3": {
      "locked": {
        "lastModified": 1644525281,
        "narHash": "sha256-D3VuWLdnLmAXIkooWAtbTGSQI9Fc1lkvAr94wTxhnTU=",
        "owner": "NixOS",
        "repo": "nixpkgs",
        "rev": "48d63e924a2666baf37f4f14a18f19347fbd54a2",
        "type": "github"
      },
      "original": {
        "owner": "NixOS",
        "ref": "nixos-unstable",
        "repo": "nixpkgs",
        "type": "github"
      }
    },
    "nixpkgs_4": {
      "locked": {
        "lastModified": 1664989420,
        "narHash": "sha256-Q8IxomUjjmewsoJgO3htkXLfCckQ7HkDJ/ZhdYVf/fA=",
        "owner": "nixos",
        "repo": "nixpkgs",
        "rev": "37bd39839acf99c5b738319f42478296f827f274",
        "type": "github"
      },
      "original": {
        "owner": "nixos",
        "ref": "nixos-unstable",
        "repo": "nixpkgs",
        "type": "github"
      }
    },
    "nixpkgs_5": {
      "locked": {
        "lastModified": 1644525281,
        "narHash": "sha256-D3VuWLdnLmAXIkooWAtbTGSQI9Fc1lkvAr94wTxhnTU=",
        "owner": "NixOS",
        "repo": "nixpkgs",
        "rev": "48d63e924a2666baf37f4f14a18f19347fbd54a2",
        "type": "github"
      },
      "original": {
        "owner": "NixOS",
        "ref": "nixos-unstable",
        "repo": "nixpkgs",
        "type": "github"
      }
    },
    "nixpkgs_6": {
      "locked": {
        "lastModified": 1686592866,
        "narHash": "sha256-riGg89eWhXJcPNrQGcSwTEEm7CGxWC06oSX44hajeMw=",
        "owner": "nixos",
        "repo": "nixpkgs",
        "rev": "0eeebd64de89e4163f4d3cf34ffe925a5cf67a05",
        "type": "github"
      },
      "original": {
        "owner": "nixos",
        "ref": "nixos-unstable",
        "repo": "nixpkgs",
        "type": "github"
      }
    },
    "root": {
      "inputs": {
        "flake-utils": "flake-utils",
        "get-flake": "get-flake",
        "horizon-advance": "horizon-advance",
        "iohk-nix": "iohk-nix",
        "lint-utils": "lint-utils_3",
        "nixpkgs": "nixpkgs_6",
        "nixpkgs-libR": "nixpkgs-libR"
      }
    },
    "systems": {
      "locked": {
        "lastModified": 1681028828,
        "narHash": "sha256-Vy1rq5AaRuLzOxct8nz4T6wlgyUR7zLU309k9mBC768=",
        "owner": "nix-systems",
        "repo": "default",
        "rev": "da67096a3b9bf56a91d16901293e51ba5b49a27e",
        "type": "github"
      },
      "original": {
        "owner": "nix-systems",
        "repo": "default",
        "type": "github"
      }
    }
  },
  "root": "root",
  "version": 7
}
