{
  "nodes": {
    "flake-parts": {
      "inputs": {
        "nixpkgs-lib": "nixpkgs-lib"
      },
      "locked": {
        "lastModified": 1683560683,
        "narHash": "sha256-XAygPMN5Xnk/W2c1aW0jyEa6lfMDZWlQgiNtmHXytPc=",
        "owner": "hercules-ci",
        "repo": "flake-parts",
        "rev": "006c75898cf814ef9497252b022e91c946ba8e17",
        "type": "github"
      },
      "original": {
        "owner": "hercules-ci",
        "repo": "flake-parts",
        "type": "github"
      }
    },
    "flake-utils": {
      "inputs": {
        "systems": "systems"
      },
      "locked": {
        "lastModified": 1685518550,
        "narHash": "sha256-o2d0KcvaXzTrPRIo0kOLV0/QXHhDQ5DTi+OxcjO8xqY=",
        "owner": "numtide",
        "repo": "flake-utils",
        "rev": "a1720a10a6cfe8234c0e93907ffe81be440f4cef",
        "type": "github"
      },
      "original": {
        "id": "flake-utils",
        "type": "indirect"
      }
    },
    "flake-utils_2": {
      "locked": {
        "lastModified": 1659877975,
        "narHash": "sha256-zllb8aq3YO3h8B/U0/J1WBgAL8EX5yWf5pMj3G0NAmc=",
        "owner": "numtide",
        "repo": "flake-utils",
        "rev": "c0e246b9b83f637f4681389ecabcb2681b4f3af0",
        "type": "github"
      },
      "original": {
        "id": "flake-utils",
        "type": "indirect"
      }
    },
    "flake-utils_3": {
      "locked": {
        "lastModified": 1644229661,
        "narHash": "sha256-1YdnJAsNy69bpcjuoKdOYQX0YxZBiCYZo4Twxerqv7k=",
        "owner": "numtide",
        "repo": "flake-utils",
        "rev": "3cecb5b042f7f209c56ffd8371b2711a290ec797",
        "type": "github"
      },
      "original": {
        "owner": "numtide",
        "repo": "flake-utils",
        "type": "github"
      }
    },
    "flake-utils_4": {
      "locked": {
        "lastModified": 1644229661,
        "narHash": "sha256-1YdnJAsNy69bpcjuoKdOYQX0YxZBiCYZo4Twxerqv7k=",
        "owner": "numtide",
        "repo": "flake-utils",
        "rev": "3cecb5b042f7f209c56ffd8371b2711a290ec797",
        "type": "github"
      },
      "original": {
        "owner": "numtide",
        "repo": "flake-utils",
        "type": "github"
      }
    },
    "flake-utils_5": {
      "locked": {
        "lastModified": 1644229661,
        "narHash": "sha256-1YdnJAsNy69bpcjuoKdOYQX0YxZBiCYZo4Twxerqv7k=",
        "owner": "numtide",
        "repo": "flake-utils",
        "rev": "3cecb5b042f7f209c56ffd8371b2711a290ec797",
        "type": "github"
      },
      "original": {
        "owner": "numtide",
        "repo": "flake-utils",
        "type": "github"
      }
    },
    "get-flake": {
      "locked": {
        "lastModified": 1673819588,
        "narHash": "sha256-gRtwKAlu4htvS6dxyZnW3n+vMS1acqnMGVHqxUdETeY=",
        "owner": "ursi",
        "repo": "get-flake",
        "rev": "e0917b6f564aa5acefb1484b5baf76da21746c3c",
        "type": "github"
      },
      "original": {
        "owner": "ursi",
        "repo": "get-flake",
        "type": "github"
      }
    },
    "get-flake_2": {
      "locked": {
        "lastModified": 1644686428,
        "narHash": "sha256-zkhYsURWFrvEZLkIoBeqFBzSu+cA2u5mo6M8vq9LN7M=",
        "owner": "ursi",
        "repo": "get-flake",
        "rev": "703f15558daa56dfae19d1858bb3046afe68831a",
        "type": "github"
      },
      "original": {
        "owner": "ursi",
        "repo": "get-flake",
        "type": "github"
      }
    },
    "get-flake_3": {
      "locked": {
        "lastModified": 1673819588,
        "narHash": "sha256-gRtwKAlu4htvS6dxyZnW3n+vMS1acqnMGVHqxUdETeY=",
        "owner": "ursi",
        "repo": "get-flake",
        "rev": "e0917b6f564aa5acefb1484b5baf76da21746c3c",
        "type": "github"
      },
      "original": {
        "owner": "ursi",
        "repo": "get-flake",
        "type": "github"
      }
    },
    "horizon-advance": {
      "inputs": {
        "flake-utils": "flake-utils_2",
        "get-flake": "get-flake_2",
        "horizon-core": "horizon-core",
        "lint-utils": "lint-utils_2",
        "nixpkgs": "nixpkgs_4"
      },
      "locked": {
        "lastModified": 1686913774,
        "narHash": "sha256-cxWeLt9GNu9XvlRSHYfsdh5prlwgCqLka5vq6NSimC8=",
        "ref": "lts/ghc-9.6.x",
        "rev": "ed673688a5d771454bc3dc2110552b5086150c18",
        "revCount": 53,
        "type": "git",
        "url": "https://gitlab.horizon-haskell.net/package-sets/horizon-advance"
      },
      "original": {
        "ref": "lts/ghc-9.6.x",
        "type": "git",
        "url": "https://gitlab.horizon-haskell.net/package-sets/horizon-advance"
      }
    },
    "horizon-core": {
      "inputs": {
        "flake-parts": "flake-parts",
        "get-flake": "get-flake_3",
        "horizon-gen-nix-flake-source": "horizon-gen-nix-flake-source",
        "horizon-shell-flake-source": "horizon-shell-flake-source",
        "lint-utils": "lint-utils",
        "nixpkgs": "nixpkgs_2"
      },
      "locked": {
        "lastModified": 1686913752,
        "narHash": "sha256-go5Wmu80FdT2BW3Y9jzlmN0KZ4YSYdQlwCXDb4wbEYA=",
        "ref": "lts/ghc-9.6.x",
        "rev": "770e80b58389dede721c5270dbbaa4e0d8d26faa",
        "revCount": 1085,
        "type": "git",
        "url": "https://gitlab.horizon-haskell.net/package-sets/horizon-core"
      },
      "original": {
        "ref": "lts/ghc-9.6.x",
        "type": "git",
        "url": "https://gitlab.horizon-haskell.net/package-sets/horizon-core"
      }
    },
    "horizon-gen-nix-flake-source": {
      "flake": false,
      "locked": {
        "lastModified": 1680415211,
        "narHash": "sha256-nV6JW2x0mKHZkfGjShZhL16azL8kFtbmLw0iZNsoV/0=",
        "ref": "refs/heads/master",
        "rev": "23f1352b6ebc61901bf63f534859ca0f6330bb94",
        "revCount": 162,
        "type": "git",
        "url": "https://gitlab.horizon-haskell.net/haskell/horizon-gen-nix"
      },
      "original": {
        "type": "git",
        "url": "https://gitlab.horizon-haskell.net/haskell/horizon-gen-nix"
      }
    },
    "horizon-shell-flake-source": {
      "flake": false,
      "locked": {
        "lastModified": 1680415280,
        "narHash": "sha256-33DGfEUJP56lSAjXMPUdfR8OpL1PFri/Tnwr9EsDb9Q=",
        "ref": "refs/heads/master",
        "rev": "1eadace0dfaab411ad43d874116fa65d4e6aab70",
        "revCount": 26,
        "type": "git",
        "url": "https://gitlab.horizon-haskell.net/shells/horizon-shell"
      },
      "original": {
        "type": "git",
        "url": "https://gitlab.horizon-haskell.net/shells/horizon-shell"
      }
    },
    "iohk-nix": {
      "flake": false,
      "locked": {
        "lastModified": 1683214540,
        "narHash": "sha256-X3OjiP+kHccuwHnSDNXYVM1fpFnxWq2MuQ6FcXilYM4=",
        "owner": "input-output-hk",
        "repo": "iohk-nix",
        "rev": "49f80e6cb415811053b63baeedca8e1a561b9c3c",
        "type": "github"
      },
      "original": {
        "owner": "input-output-hk",
        "repo": "iohk-nix",
        "rev": "49f80e6cb415811053b63baeedca8e1a561b9c3c",
        "type": "github"
      }
    },
    "lint-utils": {
      "inputs": {
        "flake-utils": "flake-utils_3",
        "nixpkgs": "nixpkgs"
      },
      "locked": {
        "lastModified": 1681737193,
        "narHash": "sha256-c+0eLyF/VWZWGeB1DA88aDUZ3BjO6+jnsJpVW4wxs4w=",
        "ref": "refs/heads/master",
        "rev": "efaf89d12a6811f0e00034444904b8d169f0fa34",
        "revCount": 48,
        "type": "git",
        "url": "https://gitlab.nixica.dev/nix/lint-utils"
      },
      "original": {
        "type": "git",
        "url": "https://gitlab.nixica.dev/nix/lint-utils"
      }
    },
    "lint-utils_2": {
      "inputs": {
        "flake-utils": "flake-utils_4",
        "nixpkgs": "nixpkgs_3"
      },
      "locked": {
        "lastModified": 1681737193,
        "narHash": "sha256-c+0eLyF/VWZWGeB1DA88aDUZ3BjO6+jnsJpVW4wxs4w=",
        "ref": "refs/heads/master",
        "rev": "efaf89d12a6811f0e00034444904b8d169f0fa34",
        "revCount": 48,
        "type": "git",
        "url": "https://gitlab.nixica.dev/nix/lint-utils"
      },
      "original": {
        "type": "git",
        "url": "https://gitlab.nixica.dev/nix/lint-utils"
      }
    },
    "lint-utils_3": {
      "inputs": {
        "flake-utils": "flake-utils_5",
        "nixpkgs": "nixpkgs_5"
      },
      "locked": {
        "lastModified": 1681737193,
        "narHash": "sha256-c+0eLyF/VWZWGeB1DA88aDUZ3BjO6+jnsJpVW4wxs4w=",
        "ref": "refs/heads/master",
        "rev": "efaf89d12a6811f0e00034444904b8d169f0fa34",
        "revCount": 48,
        "type": "git",
        "url": "https://gitlab.nixica.dev/nix/lint-utils"
      },
      "original": {
        "type": "git",
        "url": "https://gitlab.nixica.dev/nix/lint-utils"
      }
    },
    "nixpkgs": {
      "locked": {
        "lastModified": 1644525281,
        "narHash": "sha256-D3VuWLdnLmAXIkooWAtbTGSQI9Fc1lkvAr94wTxhnTU=",
        "owner": "NixOS",
        "repo": "nixpkgs",
        "rev": "48d63e924a2666baf37f4f14a18f19347fbd54a2",
        "type": "github"
      },
      "original": {
        "owner": "NixOS",
        "ref": "nixos-unstable",
        "repo": "nixpkgs",
        "type": "github"
      }
    },
    "nixpkgs-lib": {
      "locked": {
        "dir": "lib",
        "lastModified": 1682879489,
        "narHash": "sha256-sASwo8gBt7JDnOOstnps90K1wxmVfyhsTPPNTGBPjjg=",
        "owner": "NixOS",
        "repo": "nixpkgs",
        "rev": "da45bf6ec7bbcc5d1e14d3795c025199f28e0de0",
        "type": "github"
      },
      "original": {
        "dir": "lib",
        "owner": "NixOS",
        "ref": "nixos-unstable",
        "repo": "nixpkgs",
        "type": "github"
      }
    },
    "nixpkgs-libR": {
      "locked": {
        "lastModified": 1650935992,
        "narHash": "sha256-+3aqnX2lSi2XVTEXFu6mrnGL/czDxiwRmXP5xPp9i3U=",
        "owner": "nixos",
        "repo": "nixpkgs",
        "rev": "602748c14b82a2e17078713686fe1df2824fa502",
        "type": "github"
      },
      "original": {
        "owner": "nixos",
        "repo": "nixpkgs",
        "rev": "602748c14b82a2e17078713686fe1df2824fa502",
        "type": "github"
      }
    },
    "nixpkgs_2": {
      "locked": {
        "lastModified": 1686827919,
        "narHash": "sha256-ZeRYB/hdOOSL61cgFGJ1PGGRJFRXcyfpxjeaNeJ6NO0=",
        "owner": "nixos",
        "repo": "nixpkgs",
        "rev": "572d29fdc1ff69dd1ad5effb5b02d168b56fcd8b",
        "type": "github"
      },
      "original": {
        "owner": "nixos",
        "ref": "haskell-updates",
        "repo": "nixpkgs",
        "type": "github"
      }
    },
    "nixpkgs_3": {
      "locked": {
        "lastModified": 1644525281,
        "narHash": "sha256-D3VuWLdnLmAXIkooWAtbTGSQI9Fc1lkvAr94wTxhnTU=",
        "owner": "NixOS",
        "repo": "nixpkgs",
        "rev": "48d63e924a2666baf37f4f14a18f19347fbd54a2",
        "type": "github"
      },
      "original": {
        "owner": "NixOS",
        "ref": "nixos-unstable",
        "repo": "nixpkgs",
        "type": "github"
      }
    },
    "nixpkgs_4": {
      "locked": {
        "lastModified": 1664989420,
        "narHash": "sha256-Q8IxomUjjmewsoJgO3htkXLfCckQ7HkDJ/ZhdYVf/fA=",
        "owner": "nixos",
        "repo": "nixpkgs",
        "rev": "37bd39839acf99c5b738319f42478296f827f274",
        "type": "github"
      },
      "original": {
        "owner": "nixos",
        "ref": "nixos-unstable",
        "repo": "nixpkgs",
        "type": "github"
      }
    },
    "nixpkgs_5": {
      "locked": {
        "lastModified": 1644525281,
        "narHash": "sha256-D3VuWLdnLmAXIkooWAtbTGSQI9Fc1lkvAr94wTxhnTU=",
        "owner": "NixOS",
        "repo": "nixpkgs",
        "rev": "48d63e924a2666baf37f4f14a18f19347fbd54a2",
        "type": "github"
      },
      "original": {
        "owner": "NixOS",
        "ref": "nixos-unstable",
        "repo": "nixpkgs",
        "type": "github"
      }
    },
    "nixpkgs_6": {
      "locked": {
        "lastModified": 1689008574,
        "narHash": "sha256-VFMgyHDiqsGDkRg73alv6OdHJAqhybryWHv77bSCGIw=",
        "owner": "nixos",
        "repo": "nixpkgs",
        "rev": "4a729ce4b1fe5ec4fffc71c67c96aa5184ebb462",
        "type": "github"
      },
      "original": {
        "owner": "nixos",
        "ref": "nixos-unstable",
        "repo": "nixpkgs",
        "type": "github"
      }
    },
    "root": {
      "inputs": {
        "flake-utils": "flake-utils",
        "get-flake": "get-flake",
        "horizon-advance": "horizon-advance",
        "iohk-nix": "iohk-nix",
        "lint-utils": "lint-utils_3",
        "nixpkgs": "nixpkgs_6",
        "nixpkgs-libR": "nixpkgs-libR"
      }
    },
    "systems": {
      "locked": {
        "lastModified": 1681028828,
        "narHash": "sha256-Vy1rq5AaRuLzOxct8nz4T6wlgyUR7zLU309k9mBC768=",
        "owner": "nix-systems",
        "repo": "default",
        "rev": "da67096a3b9bf56a91d16901293e51ba5b49a27e",
        "type": "github"
      },
      "original": {
        "owner": "nix-systems",
        "repo": "default",
        "type": "github"
      }
    }
  },
  "root": "root",
  "version": 7
}
