{
  "nodes": {
    "flake-parts": {
      "inputs": {
        "nixpkgs-lib": "nixpkgs-lib"
      },
      "locked": {
        "lastModified": 1678379998,
        "narHash": "sha256-TZdfNqftHhDuIFwBcN9MUThx5sQXCTeZk9je5byPKRw=",
        "owner": "hercules-ci",
        "repo": "flake-parts",
        "rev": "c13d60b89adea3dc20704c045ec4d50dd964d447",
        "type": "github"
      },
      "original": {
        "owner": "hercules-ci",
        "repo": "flake-parts",
        "type": "github"
      }
    },
    "flake-utils": {
      "inputs": {
        "systems": "systems"
      },
      "locked": {
        "lastModified": 1681202837,
        "narHash": "sha256-H+Rh19JDwRtpVPAWp64F+rlEtxUWBAQW28eAi3SRSzg=",
        "owner": "numtide",
        "repo": "flake-utils",
        "rev": "cfacdce06f30d2b68473a46042957675eebb3401",
        "type": "github"
      },
      "original": {
        "id": "flake-utils",
        "type": "indirect"
      }
    },
    "flake-utils_2": {
      "locked": {
        "lastModified": 1644229661,
        "narHash": "sha256-1YdnJAsNy69bpcjuoKdOYQX0YxZBiCYZo4Twxerqv7k=",
        "owner": "numtide",
        "repo": "flake-utils",
        "rev": "3cecb5b042f7f209c56ffd8371b2711a290ec797",
        "type": "github"
      },
      "original": {
        "owner": "numtide",
        "repo": "flake-utils",
        "type": "github"
      }
    },
    "flake-utils_3": {
      "locked": {
        "lastModified": 1644229661,
        "narHash": "sha256-1YdnJAsNy69bpcjuoKdOYQX0YxZBiCYZo4Twxerqv7k=",
        "owner": "numtide",
        "repo": "flake-utils",
        "rev": "3cecb5b042f7f209c56ffd8371b2711a290ec797",
        "type": "github"
      },
      "original": {
        "owner": "numtide",
        "repo": "flake-utils",
        "type": "github"
      }
    },
    "get-flake": {
      "locked": {
        "lastModified": 1673819588,
        "narHash": "sha256-gRtwKAlu4htvS6dxyZnW3n+vMS1acqnMGVHqxUdETeY=",
        "owner": "ursi",
        "repo": "get-flake",
        "rev": "e0917b6f564aa5acefb1484b5baf76da21746c3c",
        "type": "github"
      },
      "original": {
        "owner": "ursi",
        "repo": "get-flake",
        "type": "github"
      }
    },
    "get-flake_2": {
      "locked": {
        "lastModified": 1673819588,
        "narHash": "sha256-gRtwKAlu4htvS6dxyZnW3n+vMS1acqnMGVHqxUdETeY=",
        "owner": "ursi",
        "repo": "get-flake",
        "rev": "e0917b6f564aa5acefb1484b5baf76da21746c3c",
        "type": "github"
      },
      "original": {
        "owner": "ursi",
        "repo": "get-flake",
        "type": "github"
      }
    },
    "horizon-platform": {
      "inputs": {
        "flake-parts": "flake-parts",
        "get-flake": "get-flake_2",
        "horizon-shell-flake": "horizon-shell-flake",
        "lint-utils": "lint-utils",
        "nixpkgs": "nixpkgs_2"
      },
      "locked": {
        "lastModified": 1681760349,
        "narHash": "sha256-4uTOEoMu14AMi2S/8Aav4yC9GgtHNQ3Kul9+NxWWFrc=",
        "ref": "refs/heads/sts-925",
        "rev": "2a526de2127ffffeda9486d19d9bf1a9e7c0b047",
        "revCount": 1073,
        "type": "git",
        "url": "https://gitlab.horizon-haskell.net/package-sets/horizon-platform"
      },
      "original": {
        "ref": "refs/heads/sts-925",
        "type": "git",
        "url": "https://gitlab.horizon-haskell.net/package-sets/horizon-platform"
      }
    },
    "horizon-shell-flake": {
      "flake": false,
      "locked": {
        "lastModified": 1679524452,
        "narHash": "sha256-xzNxvLVa3o0F/z4CnBDORv2Y6PfxjlGv7b7LybIyCSg=",
        "ref": "refs/tags/0.0.8",
        "rev": "21b8913803cefeb287bb244c7ee335638233db7f",
        "revCount": 21,
        "type": "git",
        "url": "https://gitlab.horizon-haskell.net/shells/horizon-shell"
      },
      "original": {
        "ref": "refs/tags/0.0.8",
        "type": "git",
        "url": "https://gitlab.horizon-haskell.net/shells/horizon-shell"
      }
    },
    "lint-utils": {
      "inputs": {
        "flake-utils": "flake-utils_2",
        "nixpkgs": "nixpkgs"
      },
      "locked": {
        "lastModified": 1676204115,
        "narHash": "sha256-cYYt6sN9t+lYYYelAbRtM/ioVJ27kMcUtR4unA8jfd4=",
        "ref": "refs/heads/master",
        "rev": "cc55bca9b25e65f7060de642c99e51bd96dfc190",
        "revCount": 47,
        "type": "git",
        "url": "https://gitlab.homotopic.tech/nix/lint-utils"
      },
      "original": {
        "type": "git",
        "url": "https://gitlab.homotopic.tech/nix/lint-utils"
      }
    },
    "lint-utils_2": {
      "inputs": {
        "flake-utils": "flake-utils_3",
        "nixpkgs": "nixpkgs_3"
      },
      "locked": {
        "lastModified": 1681737193,
        "narHash": "sha256-c+0eLyF/VWZWGeB1DA88aDUZ3BjO6+jnsJpVW4wxs4w=",
        "ref": "refs/heads/master",
        "rev": "efaf89d12a6811f0e00034444904b8d169f0fa34",
        "revCount": 48,
        "type": "git",
        "url": "https://gitlab.nixica.dev/nix/lint-utils"
      },
      "original": {
        "type": "git",
        "url": "https://gitlab.nixica.dev/nix/lint-utils"
      }
    },
    "nixpkgs": {
      "locked": {
        "lastModified": 1644525281,
        "narHash": "sha256-D3VuWLdnLmAXIkooWAtbTGSQI9Fc1lkvAr94wTxhnTU=",
        "owner": "NixOS",
        "repo": "nixpkgs",
        "rev": "48d63e924a2666baf37f4f14a18f19347fbd54a2",
        "type": "github"
      },
      "original": {
        "owner": "NixOS",
        "ref": "nixos-unstable",
        "repo": "nixpkgs",
        "type": "github"
      }
    },
    "nixpkgs-lib": {
      "locked": {
        "dir": "lib",
        "lastModified": 1678375444,
        "narHash": "sha256-XIgHfGvjFvZQ8hrkfocanCDxMefc/77rXeHvYdzBMc8=",
        "owner": "NixOS",
        "repo": "nixpkgs",
        "rev": "130fa0baaa2b93ec45523fdcde942f6844ee9f6e",
        "type": "github"
      },
      "original": {
        "dir": "lib",
        "owner": "NixOS",
        "ref": "nixos-unstable",
        "repo": "nixpkgs",
        "type": "github"
      }
    },
    "nixpkgs-libR": {
      "locked": {
        "lastModified": 1650935992,
        "narHash": "sha256-+3aqnX2lSi2XVTEXFu6mrnGL/czDxiwRmXP5xPp9i3U=",
        "owner": "nixos",
        "repo": "nixpkgs",
        "rev": "602748c14b82a2e17078713686fe1df2824fa502",
        "type": "github"
      },
      "original": {
        "owner": "nixos",
        "repo": "nixpkgs",
        "rev": "602748c14b82a2e17078713686fe1df2824fa502",
        "type": "github"
      }
    },
    "nixpkgs_2": {
      "locked": {
        "lastModified": 1679198465,
        "narHash": "sha256-VfXpHpniNWgg7pBzxb20pRX7kqn80LApPDQYTReiFCw=",
        "owner": "nixos",
        "repo": "nixpkgs",
        "rev": "5a05160f7671434e1c833b1b01284b876e04eca4",
        "type": "github"
      },
      "original": {
        "owner": "nixos",
        "ref": "nixpkgs-unstable",
        "repo": "nixpkgs",
        "type": "github"
      }
    },
    "nixpkgs_3": {
      "locked": {
        "lastModified": 1644525281,
        "narHash": "sha256-D3VuWLdnLmAXIkooWAtbTGSQI9Fc1lkvAr94wTxhnTU=",
        "owner": "NixOS",
        "repo": "nixpkgs",
        "rev": "48d63e924a2666baf37f4f14a18f19347fbd54a2",
        "type": "github"
      },
      "original": {
        "owner": "NixOS",
        "ref": "nixos-unstable",
        "repo": "nixpkgs",
        "type": "github"
      }
    },
    "nixpkgs_4": {
      "locked": {
        "lastModified": 1681648924,
        "narHash": "sha256-pzi3HISK8+7mpEtv08Yr80wswyHKsz+RP1CROG1Qf6s=",
        "owner": "nixos",
        "repo": "nixpkgs",
        "rev": "f294325aed382b66c7a188482101b0f336d1d7db",
        "type": "github"
      },
      "original": {
        "owner": "nixos",
        "ref": "nixos-unstable",
        "repo": "nixpkgs",
        "type": "github"
      }
    },
    "root": {
      "inputs": {
        "flake-utils": "flake-utils",
        "get-flake": "get-flake",
        "horizon-platform": "horizon-platform",
        "lint-utils": "lint-utils_2",
        "nixpkgs": "nixpkgs_4",
        "nixpkgs-libR": "nixpkgs-libR"
      }
    },
    "systems": {
      "locked": {
        "lastModified": 1681028828,
        "narHash": "sha256-Vy1rq5AaRuLzOxct8nz4T6wlgyUR7zLU309k9mBC768=",
        "owner": "nix-systems",
        "repo": "default",
        "rev": "da67096a3b9bf56a91d16901293e51ba5b49a27e",
        "type": "github"
      },
      "original": {
        "owner": "nix-systems",
        "repo": "default",
        "type": "github"
      }
    }
  },
  "root": "root",
  "version": 7
}
