[ { mapKey = "algebraic-graphs"
  , mapValue =
      "5bc7a25ddccd406e860edc65691ab3e5805689505648e4c335a3fc30090ed999"
  }
, { mapKey = "base-deriving-via"
  , mapValue =
      "4efa8288f3b65132dd05c90ee5ab1fd6b271dd2cd0d9092788e660e14fa57c59"
  }
, { mapKey = "cardano-binary"
  , mapValue =
      "68d5d39a168176c8f81011438c97f1250721523751c7f7e0b7e70c21fef4f683"
  }
, { mapKey = "cardano-binary-test"
  , mapValue =
      "8427249408206132370aa4d751698c09878e33f143d1cb3c170bc70b4cd2029b"
  }
, { mapKey = "cardano-crypto"
  , mapValue =
      "201cc2a357880e3901dab6047da61057796bdc6e74d82b2c6b8509c59d48f75b"
  }
, { mapKey = "cardano-crypto-class"
  , mapValue =
      "b3f0315db1e467c635cc7802bf64232954ca640d6d3e32be3c3121dc32200724"
  }
, { mapKey = "cardano-crypto-praos"
  , mapValue =
      "cf71ce7a85289b411397dd8ed9a9c83e1d3c6abafe841799b6f7c022bc6510b1"
  }
, { mapKey = "cardano-crypto-tests"
  , mapValue =
      "9eba6d4af0bddd7b036f5e9e65f21860fda2727c88698452149dd9ea1a5e661b"
  }
, { mapKey = "cardano-prelude"
  , mapValue =
      "8786fb8babc20f35a39b08096e7d05227fa77300fc1c5d144d273fb04b07278a"
  }
, { mapKey = "cardano-prelude-test"
  , mapValue =
      "00a84d8e836b0003427c60cde6dc8e685f7c228c8fcfe36fcf70499bb106a640"
  }
, { mapKey = "cardano-slotting"
  , mapValue =
      "560c000601d52775b08cccd5120a45ba63e0951303daed785bfaa3405fc635f6"
  }
, { mapKey = "cardano-strict-containers"
  , mapValue =
      "485eaf48b54726c14fd1f3a0f2eea3b0e8bcabe71704c337162fb144e3cf26c1"
  }
, { mapKey = "flat"
  , mapValue =
      "17b6962a73cc0bb73fffb0995a33a461ed02cce9f846465ec735ccdf987c2fa3"
  }
, { mapKey = "heapwords"
  , mapValue =
      "41fabeaa872de5d8a18a282678c3484e48e47b13fd1502b876dbd0be95f10adb"
  }
, { mapKey = "monoidal-containers"
  , mapValue =
      "e38b51520e25815e1ab07182060cd3c62f5688dfd99123d415dab387db659f6f"
  }
, { mapKey = "plutus-core"
  , mapValue =
      "696b70c0872b268b3625b4a38cef0a2d2c3f8873b87fe61f23923e39f087a55a"
  }
, { mapKey = "plutus-ledger-api"
  , mapValue =
      "d53bc92c945fde833ceadd921a46e3b8e8246b7222a44ac9bc8134e95276e5e1"
  }
, { mapKey = "plutus-tx"
  , mapValue =
      "754ab85fb2e850f79583f8ca74300aeded883ba31b7568534647154442eb6be3"
  }
, { mapKey = "plutus-tx-plugin"
  , mapValue =
      "1df47c2f71ea58a8131c706268a8e2bfc0d93dba88d41a7e1cc453971c0bd04e"
  }
, { mapKey = "prettyprinter-configurable"
  , mapValue =
      "f58f186ea90b2433251ad8d4d74b50d146a009cc7c5fc113f114b9c44fc39158"
  }
, { mapKey = "quickcheck-transformer"
  , mapValue =
      "c1c76c9cdbd7922a62a7b88a38d860916045fc1991aa0e8aa3065b7cf241f4dd"
  }
, { mapKey = "ral"
  , mapValue =
      "aaea02fd2a43735a127661cc570fea47d0e21516e83458d7de772f689d86f0d1"
  }
, { mapKey = "word-array"
  , mapValue =
      "b14b1031776148427c5a58cc52c6b9d4d15712ca3c0e66fcd39c3b77a3b00efe"
  }
]