[ { mapKey = "HTF"
  , mapValue =
      "cac2a44a6e7d2d5eb9db69ce912b4e4e44a8ec96d25ca3046fe64c82ad5fe004"
  }
, { mapKey = "PyF"
  , mapValue =
      "0a48101b8e972fad3a86edc0190a90a6ab61a779ca08675a3202cacc650b5372"
  }
, { mapKey = "Stream"
  , mapValue =
      "5ce8694d5b4c748fd890cba8a7f1d891858f8be1d7e0c39be831836b5d9686f8"
  }
, { mapKey = "algebraic-graphs"
  , mapValue =
      "2b2d98f4e1819e387c471c13b02114c992fd6f2f42f1111ca660a2994a207212"
  }
, { mapKey = "base-deriving-via"
  , mapValue =
      "804b1569bf4188342e603bf8bdf4bc2596618f5ccf3acc4323547a76e7317f8e"
  }
, { mapKey = "base-prelude"
  , mapValue =
      "288ddfcc54d15020e8dc0ee84d8769de9b1c4ed8e59a3821da335e57ce229762"
  }
, { mapKey = "canonical-json"
  , mapValue =
      "05cfe3314e975fe221708e0ee66c6ebaa628f33a79f74eac1bd1195f84417afc"
  }
, { mapKey = "cardano-binary"
  , mapValue =
      "6ee0043bb1c62bad11f79fe458a30bc412a3d02f057ba9d92116fc8ca1fa57c4"
  }
, { mapKey = "cardano-binary-test"
  , mapValue =
      "fa85c5ef125388e55e431089390357d38811c919472615efb341cf316465dd45"
  }
, { mapKey = "cardano-crypto"
  , mapValue =
      "f143e2d2501a5686b0c2aa65a26b7c81dd05068e96d1a868b1612f7c83e8dcba"
  }
, { mapKey = "cardano-crypto-class"
  , mapValue =
      "23f56993bd51d8142a13f8e534b1f74eba9f8c3548937bd74391b7d9e5ee620c"
  }
, { mapKey = "cardano-crypto-praos"
  , mapValue =
      "ab05e04e259b0a9fb584a2c38327f5cecc4df5a40b7c8ae51203cb4a454dbe41"
  }
, { mapKey = "cardano-crypto-tests"
  , mapValue =
      "3069b7810b33c493ead2399e62da59e4c1f097f30e3e0c01829aef0a23614459"
  }
, { mapKey = "cardano-prelude"
  , mapValue =
      "fea7626cd78a28693498871af21f8a07b3e042ab7c2cd6e21875c1abf7eeadd6"
  }
, { mapKey = "cardano-prelude-test"
  , mapValue =
      "6b402831e0d005e39e8f0af08b103173fa1d34a75f6148d3aa42d13f0beb120c"
  }
, { mapKey = "cardano-slotting"
  , mapValue =
      "fa5972ff924a6b8da578b0237f1bbca38c345e8463cf638315bfcd86c938fe9c"
  }
, { mapKey = "cardano-strict-containers"
  , mapValue =
      "48ceb55637d2ead278f606183ff9a5b3ddbedd37ffcf82d415af73dc05d25d10"
  }
, { mapKey = "checkers"
  , mapValue =
      "a9d2fdac7098a2530f6b9b86a436efae95d5888264fb6430957bb9ed45327739"
  }
, { mapKey = "composition-prelude"
  , mapValue =
      "e95d4dfe87dfb41e5126aab3000a2949702c0bfbb691964812c2ee67c49b7132"
  }
, { mapKey = "dependent-sum-template"
  , mapValue =
      "ecf2260bb3c53d6cb2b301b6f5b987e2e9c5acad78e08e72622eed3e4a9e26b1"
  }
, { mapKey = "deriving-aeson"
  , mapValue =
      "e88d8af029b0a2126bf31b1eec23bdf3051e3bf256af2b0ebe934c8f893f46a0"
  }
, { mapKey = "dictionary-sharing"
  , mapValue =
      "31771dcabbb14cb6d4ab5b4a5440736960cff524549922bdeb186c48d8e0a02c"
  }
, { mapKey = "dom-lt"
  , mapValue =
      "69fa3a809aa9fd331faba5b518836c23cdd2b64c5b9fe20a1e62919b27317abd"
  }
, { mapKey = "flat"
  , mapValue =
      "853db94de54e185034c29dac325ca3d71c538aef16b463bbb14e41f25e713c65"
  }
, { mapKey = "heapwords"
  , mapValue =
      "47ab08738f795793bf42de145e87c58d298e64005fda59be89f32b4f9dad9f09"
  }
, { mapKey = "hedgehog-fn"
  , mapValue =
      "ec606dbab03e355d41d36bab25cc8812ef428ee58faeed6e02e83848d1d76b0a"
  }
, { mapKey = "hex-text"
  , mapValue =
      "becc4de49bd37580885032bb41af45318b7a91564f6a2dc412c9a0a5a1f6c6cb"
  }
, { mapKey = "int-cast"
  , mapValue =
      "bbb70521dc5fef163eae5f76ecde31f087ee7d685bfb476db467459db9892b81"
  }
, { mapKey = "lazy-search"
  , mapValue =
      "6a8bb74234becfb21e9413c3492890c3fea9079d746baf1974aef6f69f377224"
  }
, { mapKey = "lazysmallcheck"
  , mapValue =
      "f67f9447d30fc6d4e3405fc2d2e928b67d161aa4ef1b8a4141dae95abfeaefa4"
  }
, { mapKey = "list-t"
  , mapValue =
      "7555b51cbd85bf809e627f4ca8ae62164bc76a69284c9b89d5d0bbec5d895184"
  }
, { mapKey = "mtl-prelude"
  , mapValue =
      "7e27ac1b9b7312b61a111a26903cbf677955aec2cb2cebc405273eaf96da601a"
  }
, { mapKey = "multiset"
  , mapValue =
      "5a95a35559ac2b60fbd9ec551dc2bea4929d9bd8a829b922156ec5dbb15363af"
  }
, { mapKey = "nonempty-vector"
  , mapValue =
      "9d80fc08e3d760d8af9a0f34147125f2a58c615dad1a52596b78a108685cb4b6"
  }
, { mapKey = "plutus-core"
  , mapValue =
      "4f61a020ec5cd3992fb6468909546c331a2a10a67581ce5305f252bc490b88ee"
  }
, { mapKey = "plutus-ledger-api"
  , mapValue =
      "efda8ca1bd7f7dc1d21d4d34851fe0650329de876f13a414a892e0c08e19016a"
  }
, { mapKey = "plutus-tx"
  , mapValue =
      "a7ad06c5448b7335d8133b2b611c00b16441c7ea69024c930960da48df6a79a9"
  }
, { mapKey = "plutus-tx-plugin"
  , mapValue =
      "084bc05e48d2880523fb75239bb148496bc452ac556618a3579edf825a4bfed8"
  }
, { mapKey = "prettyprinter-configurable"
  , mapValue =
      "ae738bccfa1967f5e8f2db9631ed3db92b92801b3bb58ce836ab9d4841d5b9eb"
  }
, { mapKey = "protolude"
  , mapValue =
      "294eadc94a2c94e1ac0bf72c1dec2cd393624c17a9c954f680d11a8590eef7c3"
  }
, { mapKey = "quickcheck-text"
  , mapValue =
      "d73af28cadb1937150dbcb76a49d55091c3d084ed93e4a940fe28f0945d3a8e4"
  }
, { mapKey = "quickcheck-transformer"
  , mapValue =
      "9148d8f6c3acca0ef3990f62126e7f40abbc217123999a40822a7095bb86701f"
  }
, { mapKey = "ral"
  , mapValue =
      "b8e0b0158f7183bf1644d53085592df414e2cdece43cb1fca29ee2414ac49a3b"
  }
, { mapKey = "size-based"
  , mapValue =
      "eb8507a989ea112f6da17056c1358384f6a2aa520330b0050ac60ff3c04d8640"
  }
, { mapKey = "testing-type-modifiers"
  , mapValue =
      "e5fdcd67cb1473c656713b3eb1ca9f6928b63d82383d88e3f24e7f564f913138"
  }
, { mapKey = "timeit"
  , mapValue =
      "022199d17c6465f72907d4e4d7fb9e5f569c3e0105ac487fd2fbb66488705a7f"
  }
, { mapKey = "word-array"
  , mapValue =
      "fe70a4043807a3f94c4c5067b32a78bd2d3ce3fe248bad772d21406235c6a398"
  }
]