[ { mapKey = "FailT"
  , mapValue =
      "872d499ec8a28e432fd1224122cab2d143670003c95fd85391e71eb569b3e703"
  }
, { mapKey = "OddWord"
  , mapValue =
      "7ee7915518d2666a98d38317bc35d2ace5d2c7a5eff68cd7df9c525d127418c1"
  }
, { mapKey = "Win32-network"
  , mapValue =
      "d63d4bc8751d08fd7592c17618a6affc5c0a433d470e040bb47aa260adcff92c"
  }
, { mapKey = "algebraic-graphs"
  , mapValue =
      "332ca1f3e919b8b052646de22a5bad5141df3f6f7a5ccb8164fe1b17e5a2e9ae"
  }
, { mapKey = "base-deriving-via"
  , mapValue =
      "508677c64eb5fc9be86fb5c0d0b3102ab8d54f58b6a286f5b36a95fa8931c42b"
  }
, { mapKey = "binary-search"
  , mapValue =
      "89b54df8666b5944464c864ca18d9b614174847bee98837a12811e42f2b43062"
  }
, { mapKey = "byron-spec-chain"
  , mapValue =
      "08ec7c6af4443a1270d0591d5d79016fd242aa9c8a5169035228a5781bc60ffc"
  }
, { mapKey = "byron-spec-ledger"
  , mapValue =
      "23e531c3aa1ccb8a46d16f1b90f14e646a76ca1840712173637ffbc75e7fbd18"
  }
, { mapKey = "cardano-api"
  , mapValue =
      "6d1d5e01b1af30db1d770a67792af511ddb8a6066161dd43f4d238d580266398"
  }
, { mapKey = "cardano-binary"
  , mapValue =
      "df1a16f5f41b398f60a532a31dcda7d91ff20dcda185561554eecd98c6dce287"
  }
, { mapKey = "cardano-binary-test"
  , mapValue =
      "be1246c7264c8567a8e8a6549903b2bcd9ead2769fcab732eb5c4a7e21588f06"
  }
, { mapKey = "cardano-cli"
  , mapValue =
      "7ba6e8bdb16741f512ff99f6e2a2059f576559cb316c9eede87f9f3047714593"
  }
, { mapKey = "cardano-crypto"
  , mapValue =
      "7cf3fea2767f834cb5924d8faa97bcec82ab44fc17a6f7c4b30f210e5345142a"
  }
, { mapKey = "cardano-crypto-class"
  , mapValue =
      "293a07952f8e2207f2077750ab684dda6cea8f7b0455131edb3ddac94d45f537"
  }
, { mapKey = "cardano-crypto-praos"
  , mapValue =
      "88d001ab070196a86688cfba17f0a671fcf24a3e1314541a445d1bb225850e05"
  }
, { mapKey = "cardano-crypto-test"
  , mapValue =
      "c43c0981597342653006c4ebf00d00e56f5b49998ce7a415fc9825488f6bddcd"
  }
, { mapKey = "cardano-crypto-tests"
  , mapValue =
      "c2bececd19591982ad22fcc7c37cbf80d6e442fb9916f25310f1b6034bf8e633"
  }
, { mapKey = "cardano-crypto-wrapper"
  , mapValue =
      "7d7b62e271eb61631af26a65262c3aeacd9a67003410347a23175d3d8a1803c8"
  }
, { mapKey = "cardano-data"
  , mapValue =
      "22b68e9704229c19d3ff3691ccb7512c2b0c5c961fc7308be06bc35ccd5a6536"
  }
, { mapKey = "cardano-git-rev"
  , mapValue =
      "bfbe5bc27aed8a87fb719825b781125f44b1b054fccfffd64e3e1620985cfeb3"
  }
, { mapKey = "cardano-ledger-allegra"
  , mapValue =
      "7894658aa94cdbc33883665c15a7124fc17eff31c284b5087bf01abcabf50d2c"
  }
, { mapKey = "cardano-ledger-alonzo"
  , mapValue =
      "45e1ae6b3cc8e5f4ed9de9c373f55d9d3bcb522c0b6b2816eb7f928827e72dcf"
  }
, { mapKey = "cardano-ledger-alonzo-test"
  , mapValue =
      "89b24e4375f860a8ee5f8ec2dfb810eee83f31a590725e2250f43edffd4b53d3"
  }
, { mapKey = "cardano-ledger-api"
  , mapValue =
      "94e05d39a610e8788f0a1ce8bfd63176bf97b07f21f68fe385953f59ac98cc00"
  }
, { mapKey = "cardano-ledger-babbage"
  , mapValue =
      "56ad2f43eac6543d0ab14c369b3c785bb6aeaf67d04331073bedf32c9ae94e80"
  }
, { mapKey = "cardano-ledger-babbage-test"
  , mapValue =
      "3177919cb096b957dd966f19a7a7d1f1f104ea527563ae819c82f13827ab514b"
  }
, { mapKey = "cardano-ledger-binary"
  , mapValue =
      "a5be9934f031fd0b8e83156c30bd0104475a9e2a5992643e46a1b62871889f1d"
  }
, { mapKey = "cardano-ledger-byron"
  , mapValue =
      "cbe1c8c2d9ec717866460db3e3df98d5fa1ccafe69509c1d5d27d2599a2c050a"
  }
, { mapKey = "cardano-ledger-byron-test"
  , mapValue =
      "acab2de15e944ad434c18144009cb658930c59d838ea2064839df5975fc4fc4f"
  }
, { mapKey = "cardano-ledger-conway"
  , mapValue =
      "f7155e63efe762965ab7b3f2fdd6356296b3a53b9f7371df60dee42d8a6190d7"
  }
, { mapKey = "cardano-ledger-conway-test"
  , mapValue =
      "3ea8e4cc08a369ecb479abece652d6eb1954c6407dd4e779bbfbb2dbb691ad3b"
  }
, { mapKey = "cardano-ledger-core"
  , mapValue =
      "9a5573c9074a03c7dd965e6f544816b5d4266c6d310b41431b7158ae2e6f346c"
  }
, { mapKey = "cardano-ledger-mary"
  , mapValue =
      "8c8375c32b610c9b26debe0ac1a44eb8c2b351589a8a5f7ef01fa3cc86126671"
  }
, { mapKey = "cardano-ledger-pretty"
  , mapValue =
      "dff81c1b8d83c26885e67cdfe1d676007064239741d63da25028441642f7d7ed"
  }
, { mapKey = "cardano-ledger-shelley"
  , mapValue =
      "6eec8c526d28edae88fdd8f1acc3638988b1470c504219be656f6d47c8236064"
  }
, { mapKey = "cardano-ledger-shelley-ma"
  , mapValue =
      "7dacabaa41f6baa5206aaccefc5e3797b7e32fdff10eadfd48ea9e8684e7ed4e"
  }
, { mapKey = "cardano-ledger-shelley-ma-test"
  , mapValue =
      "51d63898b02f1a8d9b96b700a8deee810aefed329bba60fa7c2971407b3cc38b"
  }
, { mapKey = "cardano-ledger-shelley-test"
  , mapValue =
      "c636a6b54a159b151e841efe8c81161277299dcc5750dccae11bcaf6a6b6921d"
  }
, { mapKey = "cardano-ledger-test"
  , mapValue =
      "abb536144920796b2e9b4a8eceb488e9759f7314838457d2a836c5ffb56ea035"
  }
, { mapKey = "cardano-mempool"
  , mapValue =
      "f9403b9502573b3d072668fa6baf888e1bbf10d148c916fddab4f0c7c917e2a3"
  }
, { mapKey = "cardano-node"
  , mapValue =
      "9ab11c402d766cb6b11c261a62144b79858ed17c52412c846ff5886ba36ebbfd"
  }
, { mapKey = "cardano-ping"
  , mapValue =
      "75ddf4a40ced848598d9de015e715c4bad4f1ff53b302622c75d0c9cf60287c6"
  }
, { mapKey = "cardano-prelude"
  , mapValue =
      "41d0ad3f36127dad91d56e3795cf12fe34bf803f462317fa120b343e35381f91"
  }
, { mapKey = "cardano-prelude-test"
  , mapValue =
      "c05759876dc95c73393c696e4f7f416e6496a326771dadd5022b6e21067ddc57"
  }
, { mapKey = "cardano-protocol-tpraos"
  , mapValue =
      "b6c12d22b490665bb7bb59a2fd5a01e4693f0f39856d8ef42b76dd26635b128e"
  }
, { mapKey = "cardano-slotting"
  , mapValue =
      "347ebe4a75c9be58ca14a84c42ad8f24591f7e96a5c7aa7fb64ecbe46fb363be"
  }
, { mapKey = "cardano-strict-containers"
  , mapValue =
      "2369c84826d818f31fd1224f6a52d7460ae0329a4bf99888ae88696d1cc52214"
  }
, { mapKey = "contra-tracer"
  , mapValue =
      "789d6e88e0db79907bcaa7d48a4a9bcc00dfbdc95397d75400597bf046c042d8"
  }
, { mapKey = "ekg-forward"
  , mapValue =
      "d36def03c09203d19d59b9eaaaeb79ae26ba77fa1f96c2c6dc49fea780af45e7"
  }
, { mapKey = "fgl"
  , mapValue =
      "cef95b9fabc3a78dc474cde708e9ba58fb0818ed42cba02eb84c2151c115fe9f"
  }
, { mapKey = "fgl-arbitrary"
  , mapValue =
      "3d1b7c895278a05fe195a3b76f12ac111300de47658943df6fdfd65fda33bfbc"
  }
, { mapKey = "flat"
  , mapValue =
      "a4d3fa43f139f10622f912fcc2d19be5277dce2027cae8919d54de47fe6ac450"
  }
, { mapKey = "fs-api"
  , mapValue =
      "9419463e1d7dfa0d5a728abdcc0b7434fafb1ab0800e5182d5a8aff7ebd06db4"
  }
, { mapKey = "fs-sim"
  , mapValue =
      "d62a88394a687e13a58aadea977d1a7ea328bbc2e2133d3385d747ed7147c136"
  }
, { mapKey = "goblins"
  , mapValue =
      "5b8f6015b7bb90785fcd627f6fb73d45d3e992b1930a3ed1c3f36c20d4ea3011"
  }
, { mapKey = "graphviz"
  , mapValue =
      "ed833d0509dd063299be1f7144c30af5129e9ffcee7f44eeefd226e6761c545b"
  }
, { mapKey = "gray-code"
  , mapValue =
      "eb520b35225214a8fa48577d1479327e9b05893bab3af2df5cfd58c37a0ee6e8"
  }
, { mapKey = "heapwords"
  , mapValue =
      "7609bcdc89f50f017c74d81daf508c97e9d7f071a94e55e2b22407c37d0538c4"
  }
, { mapKey = "hedgehog-corpus"
  , mapValue =
      "fe48e510e07f9fef7ee8cb3c3355bd4ccbc56e107629cec8492a1bf7fd618e90"
  }
, { mapKey = "hs-rqlite"
  , mapValue =
      "6ef457d2a2c103e8c5597309a229656d39d61f3189c29f31088c9559a40d3cc3"
  }
, { mapKey = "io-classes"
  , mapValue =
      "7f1e27a19cff91a402dd5e6cb0361767ea74f017fc9a8b0c0ad667f25201fb76"
  }
, { mapKey = "io-classes-mtl"
  , mapValue =
      "477fc5b63d3ffc3b7f9d637fba25e96f060cb764c65b0647e8d4e5b74a8a597e"
  }
, { mapKey = "io-sim"
  , mapValue =
      "1da2714803fa38316e71de13f7400c4213d55832e33dcc0f081b83c97789464c"
  }
, { mapKey = "iohk-monitoring"
  , mapValue =
      "5066c140334fb3ff4b5da2dce762bbde6490fa8f318199f5d1a46562a0759a8e"
  }
, { mapKey = "libsystemd-journal"
  , mapValue =
      "4d13b7cf0a48aed5b0eb1ecef17ccc8b50ec0fb42a112d36a1297a4e0efe9edb"
  }
, { mapKey = "lobemo-backend-aggregation"
  , mapValue =
      "fc9025cf6329782ecb803c6d3fe97d9871a426e5518b750c81c61cf5f52670c7"
  }
, { mapKey = "lobemo-backend-editor"
  , mapValue =
      "31acc827bec4be84426ac6161252a1f883b3b611b4ffe8d51d9810bdc3142fde"
  }
, { mapKey = "lobemo-backend-ekg"
  , mapValue =
      "3e72080ecb5d7cba1ad158f3e51ebe53d82abd129c18476ed4ecb942404df877"
  }
, { mapKey = "lobemo-backend-graylog"
  , mapValue =
      "ea4fe9062a95d8caf9672b0e9425b2b2f9bd3b5d76b22c813b783a55a13b5ad6"
  }
, { mapKey = "lobemo-backend-monitoring"
  , mapValue =
      "193e27dcae003b89ce08f1d2bc5b3c12a120da385654afc06b3e08dc951f43af"
  }
, { mapKey = "lobemo-backend-trace-acceptor"
  , mapValue =
      "7bea39db52ed4b4b23a3194ca52443b79d03094f2382cc0df623c1ed6dc0e1cd"
  }
, { mapKey = "lobemo-backend-trace-forwarder"
  , mapValue =
      "80d8c92281313b312ad45e77e77ca435f0fb97ba10eaefc0484ed397956ccacf"
  }
, { mapKey = "lobemo-scribe-systemd"
  , mapValue =
      "80c2d1e63ec94d3dee10c386490fa2e81a212db07a1285b80875971a76081209"
  }
, { mapKey = "measures"
  , mapValue =
      "171973d6a005d8cbacabae2999c805e0a4f637fda388076cb8a8f422705145f3"
  }
, { mapKey = "microbench"
  , mapValue =
      "10602fd3097ad2632a42df5dcbdc1162e554a05a32d0d8ec2b14bd215f1330a3"
  }
, { mapKey = "monoidal-containers"
  , mapValue =
      "e18f93647415acff41f37fdec7f15b8cc4cc0055b746e90c8a713112fe5d640a"
  }
, { mapKey = "monoidal-synchronisation"
  , mapValue =
      "61d1cbcf11c7075a169e42e569cc6c140118742f6baffb5ce0b8d18556e1987b"
  }
, { mapKey = "moo"
  , mapValue =
      "e91bc96cec632bae1f6ee49b12482880b6bf6c6d60d07cd02a8bd13ce8631667"
  }
, { mapKey = "network-mux"
  , mapValue =
      "0eda8a08bad70ef52cdb5a139ff6155d2b84ab6ac1ecb64181a88e228d1c2563"
  }
, { mapKey = "non-integral"
  , mapValue =
      "8710de33d6fb3159faafcf6497e23d6b0a07be53e86c2f5360bdb7e26f88872c"
  }
, { mapKey = "nothunks"
  , mapValue =
      "fb01fff20c6647e7648643567231f8fa56835eb0a1d90bb17b1fe1776c67d8bd"
  }
, { mapKey = "ntp-client"
  , mapValue =
      "0473b276a16299b5bc38bb50ca7768a55c6f7c46a9fcbee35bedc350b8c67944"
  }
, { mapKey = "optparse-applicative-fork"
  , mapValue =
      "04efcfced0806d474734d34f8baa7fb5faca9a45abd6267f853e2d5f9bdc0e10"
  }
, { mapKey = "ouroboros-consensus"
  , mapValue =
      "bb455020c7ec814b4104165af036ef6aa6d6647a8202a9d5acd2f9f8db89689a"
  }
, { mapKey = "ouroboros-consensus-cardano"
  , mapValue =
      "b64faa6706a92a068e1103ee40bab64c8b221095f9b794a29a8a79b847e942cc"
  }
, { mapKey = "ouroboros-consensus-diffusion"
  , mapValue =
      "9031f6e29e0f41ebe51530fbbb2b5474336e756f8657129e7bd86daff8dea217"
  }
, { mapKey = "ouroboros-consensus-protocol"
  , mapValue =
      "fb3c657b3733a12f9a3b7e6066e91467f3c43710d6f7ce50fcfdee988f4549df"
  }
, { mapKey = "ouroboros-network"
  , mapValue =
      "dc91ee02cb4c751a7148d428f29dfaaae7d32e8311d3225fe95a3da1faf5794e"
  }
, { mapKey = "ouroboros-network-api"
  , mapValue =
      "f4b9b8ca839c122d082669672ce4acf8f86ae39977ca83dceaec9ac5baf4c3df"
  }
, { mapKey = "ouroboros-network-framework"
  , mapValue =
      "ab7d3c43c52eb655cd289304cbd76db3029882e3f914607a6a9724c71277acfe"
  }
, { mapKey = "ouroboros-network-mock"
  , mapValue =
      "3a4095b903d37b97aaf1b672fe97be69fd2a919697a4f501970ad1d29091719c"
  }
, { mapKey = "ouroboros-network-protocols"
  , mapValue =
      "be72096ce7a3da486193c6ab6ae1fb6d3006ffc231c84e3c0c98b47038968c7a"
  }
, { mapKey = "ouroboros-network-testing"
  , mapValue =
      "c85e7fa60917a60e2fb51209e80390d38b4dde0c6ca167e6fe8294d3bc6a9d13"
  }
, { mapKey = "plutus-core"
  , mapValue =
      "91753b020af70ae3215ad6fc1254031b2162d46f23537e64849ffa360f5c8a41"
  }
, { mapKey = "plutus-ledger-api"
  , mapValue =
      "4cd693b76a5924dc1c6b4261a396f02b62f1edc510355b61fdca029d192ca93a"
  }
, { mapKey = "plutus-preprocessor"
  , mapValue =
      "3a4c4d5e3288ceca077c6f905965c2771719772986173a3917b42dcf293d7547"
  }
, { mapKey = "plutus-tx"
  , mapValue =
      "860395aa08e1fe2a022ead0fdf3415c1cb48d0b5089434dd1ac822b8f4f78b40"
  }
, { mapKey = "plutus-tx-plugin"
  , mapValue =
      "7f66a77037922d7119d5702bb77e59f086eb15a023e104e3ef79d70c8bf137d2"
  }
, { mapKey = "prettyprinter-configurable"
  , mapValue =
      "5ac991c78422b3114f354fb0bcf9abe50050cc920cb1ddf6dc899949c9f29983"
  }
, { mapKey = "pvar"
  , mapValue =
      "69cbfbf1e4034712cba8919342265fb6f56bd204ad8b30d8b94809730b310aa8"
  }
, { mapKey = "quickcheck-state-machine"
  , mapValue =
      "868cdf2a93118628a2f44d0c3e31fce7fadd01c38c88b1bb7256c16e3bb22aa4"
  }
, { mapKey = "quickcheck-transformer"
  , mapValue =
      "724c0304d124dfdb18577dcdca004eeabe6166a25491a74c01bb4f0168acbc31"
  }
, { mapKey = "set-algebra"
  , mapValue =
      "cc41316007b6048111cf7904f97a5f9c4b748ad91464e4d0cf868448aa1e0300"
  }
, { mapKey = "si-timers"
  , mapValue =
      "51291f1f894a84f7bc549935b4fe1f6e588a2e9ea23aefef7c644cf1382a5b2c"
  }
, { mapKey = "small-steps"
  , mapValue =
      "7ce39e32c9bf75c160b12e3991b283db1d0389ee42f57eb5327aff1c320458ff"
  }
, { mapKey = "small-steps-test"
  , mapValue =
      "360f9554ab5676f1db66cf066e4a60cbd66c6ba43b9c78364d3da3b1b396c6cb"
  }
, { mapKey = "strict-containers"
  , mapValue =
      "8671b252bd6f2586ecb3ce4a02a0dab74b936c272877edd9032f91001ff45289"
  }
, { mapKey = "strict-stm"
  , mapValue =
      "3f17dd90d2c994832715af191ee103fe8ccfa44db6705c91ddea5d85cf06c9aa"
  }
, { mapKey = "threepenny-gui"
  , mapValue =
      "18292727b55ae246a260676cf68cbd9ce954e57d7c5637d8af37de4379d197b7"
  }
, { mapKey = "trace-dispatcher"
  , mapValue =
      "3a41d9de7401dff392fcec316c8107207650514b2f584859961dc020be76ea8a"
  }
, { mapKey = "trace-forward"
  , mapValue =
      "b8c2ade2e2217339e0701973200a0b579bf3d3e702ca0bff6f473139cf7481dd"
  }
, { mapKey = "trace-resources"
  , mapValue =
      "a496aa4f3d7b9a8169fc9e5743509c016b0d184d754fefeff664cdcbb4cd390f"
  }
, { mapKey = "tracer-transformers"
  , mapValue =
      "a118746cd91319294eb1d08ad03c118b8305110982e2bda7cbefa895a155400a"
  }
, { mapKey = "typed-protocols"
  , mapValue =
      "05167720962e0bb444f3c22a80d095d8c5562f47fe62f379b8a7c4590a7efaa7"
  }
, { mapKey = "typed-protocols-cborg"
  , mapValue =
      "7e645475e6a3662cb28994e3579f73e88b0cbd59e547e9c89c49baba37819a9c"
  }
, { mapKey = "typed-protocols-examples"
  , mapValue =
      "ff703d8eb5271b19a1b1069e2ebbc06610d9ed3e5c0fd261ed9a898a3df1e091"
  }
, { mapKey = "unix-bytestring"
  , mapValue =
      "2cfd0e8460dcce9af5f7ff7cba5816287df112338e705f2b62b3df64afea0239"
  }
, { mapKey = "vector-map"
  , mapValue =
      "2a7f879961d86ec6881653391cabfa726dc2c6b9b2c2c725055c2ec8021d31bb"
  }
, { mapKey = "websockets-snap"
  , mapValue =
      "419df2fa2882953fa007d2378fc92518985c29f0c223439309e1e505065fd0fd"
  }
, { mapKey = "wl-pprint-text"
  , mapValue =
      "3043d774587e2579934901189f8cd202948c1f79a24045925baec457ac6dc42b"
  }
]